
Microsoft Visual Studio Solution File, Format Version 12.00
# Visual Studio 14
VisualStudioVersion = 14.0.23107.0
MinimumVisualStudioVersion = 10.0.40219.1
Project("{FAE04EC0-301F-11D3-BF4B-00C04F79EFBC}") = "WindowsFormsApplication1", "WindowsFormsApplication1\WindowsFormsApplication1.csproj", "{F6DB9A47-DF98-433B-B2EE-72BBB23EB85F}"
EndProject
Project("{FAE04EC0-301F-11D3-BF4B-00C04F79EFBC}") = "Cliente", "Cliente\Cliente.csproj", "{BF0A1135-8D0A-481B-987B-B47BBA4901AE}"
EndProject
Global
	GlobalSection(SolutionConfigurationPlatforms) = preSolution
		Debug|Any CPU = Debug|Any CPU
		Release|Any CPU = Release|Any CPU
	EndGlobalSection
	GlobalSection(ProjectConfigurationPlatforms) = postSolution
		{F6DB9A47-DF98-433B-B2EE-72BBB23EB85F}.Debug|Any CPU.ActiveCfg = Debug|Any CPU
		{F6DB9A47-DF98-433B-B2EE-72BBB23EB85F}.Debug|Any CPU.Build.0 = Debug|Any CPU
		{F6DB9A47-DF98-433B-B2EE-72BBB23EB85F}.Release|Any CPU.ActiveCfg = Release|Any CPU
		{F6DB9A47-DF98-433B-B2EE-72BBB23EB85F}.Release|Any CPU.Build.0 = Release|Any CPU
		{BF0A1135-8D0A-481B-987B-B47BBA4901AE}.Debug|Any CPU.ActiveCfg = Debug|Any CPU
		{BF0A1135-8D0A-481B-987B-B47BBA4901AE}.Debug|Any CPU.Build.0 = Debug|Any CPU
		{BF0A1135-8D0A-481B-987B-B47BBA4901AE}.Release|Any CPU.ActiveCfg = Release|Any CPU
		{BF0A1135-8D0A-481B-987B-B47BBA4901AE}.Release|Any CPU.Build.0 = Release|Any CPU
	EndGlobalSection
	GlobalSection(SolutionProperties) = preSolution
		HideSolutionNode = FALSE
	EndGlobalSection
EndGlobal
